{
  "name": "onlooker",
  "lockfileVersion": 2,
  "requires": true,
  "packages": {
    "": {
      "dependencies": {
        "inputmask": "^5.0.8-beta.70"
      }
    },
    "node_modules/inputmask": {
      "version": "5.0.8-beta.70",
      "resolved": "https://registry.npmjs.org/inputmask/-/inputmask-5.0.8-beta.70.tgz",
      "integrity": "sha512-mmJczJz3w0Y5qJQVoDpL5CD5CMq/AgSkn/ZTZ4W7W3pbxNEuifAj4JB9sAZrQrXNtpQGizXZ3hZCoaGn4lOMjA=="
    }
  },
  "dependencies": {
    "inputmask": {
      "version": "5.0.8-beta.70",
      "resolved": "https://registry.npmjs.org/inputmask/-/inputmask-5.0.8-beta.70.tgz",
      "integrity": "sha512-mmJczJz3w0Y5qJQVoDpL5CD5CMq/AgSkn/ZTZ4W7W3pbxNEuifAj4JB9sAZrQrXNtpQGizXZ3hZCoaGn4lOMjA=="
    }
  }
}
